
Microsoft Visual Studio Solution File, Format Version 12.00
# Visual Studio Version 16
VisualStudioVersion = 16.0.30104.148
MinimumVisualStudioVersion = 10.0.40219.1
Project("{F2A71F9B-5D33-465A-A702-920D77279786}") = "BaseballSabermetrics", "BaseballSabermetrics.fsproj", "{5ECE88D9-680A-42D2-BCF1-51BCBD9F7099}"
EndProject
Global
	GlobalSection(SolutionConfigurationPlatforms) = preSolution
		Debug|Any CPU = Debug|Any CPU
		Release|Any CPU = Release|Any CPU
	EndGlobalSection
	GlobalSection(ProjectConfigurationPlatforms) = postSolution
		{5ECE88D9-680A-42D2-BCF1-51BCBD9F7099}.Debug|Any CPU.ActiveCfg = Debug|Any CPU
		{5ECE88D9-680A-42D2-BCF1-51BCBD9F7099}.Debug|Any CPU.Build.0 = Debug|Any CPU
		{5ECE88D9-680A-42D2-BCF1-51BCBD9F7099}.Release|Any CPU.ActiveCfg = Release|Any CPU
		{5ECE88D9-680A-42D2-BCF1-51BCBD9F7099}.Release|Any CPU.Build.0 = Release|Any CPU
	EndGlobalSection
	GlobalSection(SolutionProperties) = preSolution
		HideSolutionNode = FALSE
	EndGlobalSection
	GlobalSection(ExtensibilityGlobals) = postSolution
		SolutionGuid = {28EB6345-70A5-4DC7-81D7-AFD9C8B482EE}
	EndGlobalSection
EndGlobal
